{
  "name": "ipfs-hls",
  "lockfileVersion": 3,
  "requires": true,
  "packages": {
    "": {
      "name": "ipfs-hls",
      "workspaces": [
        "packages/hls-ipfs-loader",
        "packages/example-player",
        "tests/e2e"
      ],
      "devDependencies": {
        "typescript": "^5.7.0"
      }
    },
    "node_modules/e2e-tests": {
      "resolved": "tests/e2e",
      "link": true
    },
    "node_modules/example-player": {
      "resolved": "packages/example-player",
      "link": true
    },
    "node_modules/hls-ipfs-loader": {
      "resolved": "packages/hls-ipfs-loader",
      "link": true
    },
    "node_modules/typescript": {
      "version": "5.9.3",
      "resolved": "https://registry.npmjs.org/typescript/-/typescript-5.9.3.tgz",
      "integrity": "sha512-jl1vZzPDinLr9eUt3J/t7V6FgNEw9QjvBPdysz9KfQDD41fQrC2Y4vKQdiaUpFT4bXlb1RHhLpp8wtm6M5TgSw==",
      "dev": true,
      "license": "Apache-2.0",
      "bin": {
        "tsc": "bin/tsc",
        "tsserver": "bin/tsserver"
      },
      "engines": {
        "node": ">=14.17"
      }
    },
    "packages/example-player": {
      "version": "0.1.0"
    },
    "packages/hls-ipfs-loader": {
      "version": "0.1.0"
    },
    "tests/e2e": {
      "name": "e2e-tests",
      "version": "0.1.0"
    }
  }
}
